
Microsoft Visual Studio Solution File, Format Version 12.00
# Visual Studio 15
VisualStudioVersion = 15.0.28307.1062
MinimumVisualStudioVersion = 10.0.40219.1
Project("{FAE04EC0-301F-11D3-BF4B-00C04F79EFBC}") = "clinic work", "clinic work\clinic work.csproj", "{88249F37-F7EF-4B3E-B449-F5980CFE7419}"
EndProject
Project("{54435603-DBB4-11D2-8724-00A0C9A8B90C}") = "SmartClinicSetup", "SmartClinicSetup\SmartClinicSetup.vdproj", "{D3B3D402-39DF-4989-8671-7304C2F90305}"
EndProject
Global
	GlobalSection(SolutionConfigurationPlatforms) = preSolution
		Debug|Any CPU = Debug|Any CPU
		Release|Any CPU = Release|Any CPU
	EndGlobalSection
	GlobalSection(ProjectConfigurationPlatforms) = postSolution
		{88249F37-F7EF-4B3E-B449-F5980CFE7419}.Debug|Any CPU.ActiveCfg = Debug|Any CPU
		{88249F37-F7EF-4B3E-B449-F5980CFE7419}.Debug|Any CPU.Build.0 = Debug|Any CPU
		{88249F37-F7EF-4B3E-B449-F5980CFE7419}.Release|Any CPU.ActiveCfg = Debug|Any CPU
		{88249F37-F7EF-4B3E-B449-F5980CFE7419}.Release|Any CPU.Build.0 = Debug|Any CPU
		{D3B3D402-39DF-4989-8671-7304C2F90305}.Debug|Any CPU.ActiveCfg = Release
		{D3B3D402-39DF-4989-8671-7304C2F90305}.Debug|Any CPU.Build.0 = Release
		{D3B3D402-39DF-4989-8671-7304C2F90305}.Release|Any CPU.ActiveCfg = Release
		{D3B3D402-39DF-4989-8671-7304C2F90305}.Release|Any CPU.Build.0 = Release
	EndGlobalSection
	GlobalSection(SolutionProperties) = preSolution
		HideSolutionNode = FALSE
	EndGlobalSection
	GlobalSection(ExtensibilityGlobals) = postSolution
		SolutionGuid = {30092AEC-3514-4FEA-8BA6-6474CCF5B2BF}
	EndGlobalSection
EndGlobal
